// !$*UTF8*$!
{
	archiveVersion = 1;
	classes = {
	};
	objectVersion = 46;
	objects = {

/* Begin PBXBuildFile section */
		406864C6C2481B24A5B8393B /* libPods.a in Frameworks */ = {isa = PBXBuildFile; fileRef = 470EDEA88F57F81C2BBB084D /* libPods.a */; };
		5B054FFB1BDE0A9B00AD44EB /* main.m in Sources */ = {isa = PBXBuildFile; fileRef = 5B054FFA1BDE0A9B00AD44EB /* main.m */; };
		5B0550061BDE0A9B00AD44EB /* Assets.xcassets in Resources */ = {isa = PBXBuildFile; fileRef = 5B0550051BDE0A9B00AD44EB /* Assets.xcassets */; };
		5B0550091BDE0A9B00AD44EB /* LaunchScreen.storyboard in Resources */ = {isa = PBXBuildFile; fileRef = 5B0550071BDE0A9B00AD44EB /* LaunchScreen.storyboard */; };
		5B0550141BDE0A9B00AD44EB /* ToDoTests.m in Sources */ = {isa = PBXBuildFile; fileRef = 5B0550131BDE0A9B00AD44EB /* ToDoTests.m */; };
		5B05501F1BDE0A9B00AD44EB /* ToDoUITests.m in Sources */ = {isa = PBXBuildFile; fileRef = 5B05501E1BDE0A9B00AD44EB /* ToDoUITests.m */; };
		5B0550301BDE146900AD44EB /* AppDelegate.m in Sources */ = {isa = PBXBuildFile; fileRef = 5B05502F1BDE146900AD44EB /* AppDelegate.m */; };
		5B0550361BDE173200AD44EB /* HJRTabBarController.m in Sources */ = {isa = PBXBuildFile; fileRef = 5B0550351BDE173200AD44EB /* HJRTabBarController.m */; };
		5B3305EB1BE0ACDC00BAF283 /* button_add.png in Resources */ = {isa = PBXBuildFile; fileRef = 5B3305E21BE0ACDC00BAF283 /* button_add.png */; };
		5B3305EC1BE0ACDC00BAF283 /* button_add@2x.png in Resources */ = {isa = PBXBuildFile; fileRef = 5B3305E31BE0ACDC00BAF283 /* button_add@2x.png */; };
		5B3305ED1BE0ACDC00BAF283 /* button_add@3x.png in Resources */ = {isa = PBXBuildFile; fileRef = 5B3305E41BE0ACDC00BAF283 /* button_add@3x.png */; };
		5B3305EE1BE0ACDC00BAF283 /* button_save.png in Resources */ = {isa = PBXBuildFile; fileRef = 5B3305E51BE0ACDC00BAF283 /* button_save.png */; };
		5B3305EF1BE0ACDC00BAF283 /* button_save@2x.png in Resources */ = {isa = PBXBuildFile; fileRef = 5B3305E61BE0ACDC00BAF283 /* button_save@2x.png */; };
		5B3305F01BE0ACDC00BAF283 /* button_save@3x.png in Resources */ = {isa = PBXBuildFile; fileRef = 5B3305E71BE0ACDC00BAF283 /* button_save@3x.png */; };
		5B3305F11BE0ACDC00BAF283 /* button_update.png in Resources */ = {isa = PBXBuildFile; fileRef = 5B3305E81BE0ACDC00BAF283 /* button_update.png */; };
		5B3305F21BE0ACDC00BAF283 /* button_update@2x.png in Resources */ = {isa = PBXBuildFile; fileRef = 5B3305E91BE0ACDC00BAF283 /* button_update@2x.png */; };
		5B3305F31BE0ACDC00BAF283 /* button_update@3x.png in Resources */ = {isa = PBXBuildFile; fileRef = 5B3305EA1BE0ACDC00BAF283 /* button_update@3x.png */; };
		5B3305F81BE0AD0C00BAF283 /* nav_back.png in Resources */ = {isa = PBXBuildFile; fileRef = 5B3305F51BE0AD0C00BAF283 /* nav_back.png */; };
		5B3305F91BE0AD0C00BAF283 /* nav_back@2x.png in Resources */ = {isa = PBXBuildFile; fileRef = 5B3305F61BE0AD0C00BAF283 /* nav_back@2x.png */; };
		5B3305FA1BE0AD0C00BAF283 /* nav_back@3x.png in Resources */ = {isa = PBXBuildFile; fileRef = 5B3305F71BE0AD0C00BAF283 /* nav_back@3x.png */; };
		5B3306161BE0AD5300BAF283 /* tabbar_all_nor.png in Resources */ = {isa = PBXBuildFile; fileRef = 5B3305FB1BE0AD5300BAF283 /* tabbar_all_nor.png */; };
		5B3306171BE0AD5300BAF283 /* tabbar_all_nor@2x.png in Resources */ = {isa = PBXBuildFile; fileRef = 5B3305FC1BE0AD5300BAF283 /* tabbar_all_nor@2x.png */; };
		5B3306181BE0AD5300BAF283 /* tabbar_all_nor@3x.png in Resources */ = {isa = PBXBuildFile; fileRef = 5B3305FD1BE0AD5300BAF283 /* tabbar_all_nor@3x.png */; };
		5B3306191BE0AD5300BAF283 /* tabbar_all_selected.png in Resources */ = {isa = PBXBuildFile; fileRef = 5B3305FE1BE0AD5300BAF283 /* tabbar_all_selected.png */; };
		5B33061A1BE0AD5300BAF283 /* tabbar_all_selected@2x.png in Resources */ = {isa = PBXBuildFile; fileRef = 5B3305FF1BE0AD5300BAF283 /* tabbar_all_selected@2x.png */; };
		5B33061B1BE0AD5300BAF283 /* tabbar_all_selected@3x.png in Resources */ = {isa = PBXBuildFile; fileRef = 5B3306001BE0AD5300BAF283 /* tabbar_all_selected@3x.png */; };
		5B33061C1BE0AD5300BAF283 /* tabbar_bg.png in Resources */ = {isa = PBXBuildFile; fileRef = 5B3306011BE0AD5300BAF283 /* tabbar_bg.png */; };
		5B33061D1BE0AD5300BAF283 /* tabbar_bg@2x.png in Resources */ = {isa = PBXBuildFile; fileRef = 5B3306021BE0AD5300BAF283 /* tabbar_bg@2x.png */; };
		5B33061E1BE0AD5300BAF283 /* tabbar_bg@3x.png in Resources */ = {isa = PBXBuildFile; fileRef = 5B3306031BE0AD5300BAF283 /* tabbar_bg@3x.png */; };
		5B33061F1BE0AD5300BAF283 /* tabbar_going_nor.png in Resources */ = {isa = PBXBuildFile; fileRef = 5B3306041BE0AD5300BAF283 /* tabbar_going_nor.png */; };
		5B3306201BE0AD5300BAF283 /* tabbar_going_nor@2x.png in Resources */ = {isa = PBXBuildFile; fileRef = 5B3306051BE0AD5300BAF283 /* tabbar_going_nor@2x.png */; };
		5B3306211BE0AD5300BAF283 /* tabbar_going_nor@3x.png in Resources */ = {isa = PBXBuildFile; fileRef = 5B3306061BE0AD5300BAF283 /* tabbar_going_nor@3x.png */; };
		5B3306221BE0AD5300BAF283 /* tabbar_going_selected.png in Resources */ = {isa = PBXBuildFile; fileRef = 5B3306071BE0AD5300BAF283 /* tabbar_going_selected.png */; };
		5B3306231BE0AD5300BAF283 /* tabbar_going_selected@2x.png in Resources */ = {isa = PBXBuildFile; fileRef = 5B3306081BE0AD5300BAF283 /* tabbar_going_selected@2x.png */; };
		5B3306241BE0AD5300BAF283 /* tabbar_going_selected@3x.png in Resources */ = {isa = PBXBuildFile; fileRef = 5B3306091BE0AD5300BAF283 /* tabbar_going_selected@3x.png */; };
		5B3306251BE0AD5300BAF283 /* tabbar_haveDone_nor.png in Resources */ = {isa = PBXBuildFile; fileRef = 5B33060A1BE0AD5300BAF283 /* tabbar_haveDone_nor.png */; };
		5B3306261BE0AD5300BAF283 /* tabbar_haveDone_nor@2x.png in Resources */ = {isa = PBXBuildFile; fileRef = 5B33060B1BE0AD5300BAF283 /* tabbar_haveDone_nor@2x.png */; };
		5B3306271BE0AD5300BAF283 /* tabbar_haveDone_nor@3x.png in Resources */ = {isa = PBXBuildFile; fileRef = 5B33060C1BE0AD5300BAF283 /* tabbar_haveDone_nor@3x.png */; };
		5B3306281BE0AD5300BAF283 /* tabbar_haveDone_selected.png in Resources */ = {isa = PBXBuildFile; fileRef = 5B33060D1BE0AD5300BAF283 /* tabbar_haveDone_selected.png */; };
		5B3306291BE0AD5300BAF283 /* tabbar_haveDone_selected@2x.png in Resources */ = {isa = PBXBuildFile; fileRef = 5B33060E1BE0AD5300BAF283 /* tabbar_haveDone_selected@2x.png */; };
		5B33062A1BE0AD5300BAF283 /* tabbar_haveDone_selected@3x.png in Resources */ = {isa = PBXBuildFile; fileRef = 5B33060F1BE0AD5300BAF283 /* tabbar_haveDone_selected@3x.png */; };
		5B33062B1BE0AD5300BAF283 /* tabbar_setting_nor.png in Resources */ = {isa = PBXBuildFile; fileRef = 5B3306101BE0AD5300BAF283 /* tabbar_setting_nor.png */; };
		5B33062C1BE0AD5300BAF283 /* tabbar_setting_nor@2x.png in Resources */ = {isa = PBXBuildFile; fileRef = 5B3306111BE0AD5300BAF283 /* tabbar_setting_nor@2x.png */; };
		5B33062D1BE0AD5300BAF283 /* tabbar_setting_nor@3x.png in Resources */ = {isa = PBXBuildFile; fileRef = 5B3306121BE0AD5300BAF283 /* tabbar_setting_nor@3x.png */; };
		5B33062E1BE0AD5300BAF283 /* tabbar_setting_selected.png in Resources */ = {isa = PBXBuildFile; fileRef = 5B3306131BE0AD5300BAF283 /* tabbar_setting_selected.png */; };
		5B33062F1BE0AD5300BAF283 /* tabbar_setting_selected@2x.png in Resources */ = {isa = PBXBuildFile; fileRef = 5B3306141BE0AD5300BAF283 /* tabbar_setting_selected@2x.png */; };
		5B3306301BE0AD5300BAF283 /* tabbar_setting_selected@3x.png in Resources */ = {isa = PBXBuildFile; fileRef = 5B3306151BE0AD5300BAF283 /* tabbar_setting_selected@3x.png */; };
		5B3306411BE0AD6900BAF283 /* setting_about.png in Resources */ = {isa = PBXBuildFile; fileRef = 5B3306321BE0AD6900BAF283 /* setting_about.png */; };
		5B3306421BE0AD6900BAF283 /* setting_about@2x.png in Resources */ = {isa = PBXBuildFile; fileRef = 5B3306331BE0AD6900BAF283 /* setting_about@2x.png */; };
		5B3306431BE0AD6900BAF283 /* setting_about@3x.png in Resources */ = {isa = PBXBuildFile; fileRef = 5B3306341BE0AD6900BAF283 /* setting_about@3x.png */; };
		5B3306441BE0AD6900BAF283 /* setting_clear.png in Resources */ = {isa = PBXBuildFile; fileRef = 5B3306351BE0AD6900BAF283 /* setting_clear.png */; };
		5B3306451BE0AD6900BAF283 /* setting_clear@2x.png in Resources */ = {isa = PBXBuildFile; fileRef = 5B3306361BE0AD6900BAF283 /* setting_clear@2x.png */; };
		5B3306461BE0AD6900BAF283 /* setting_clear@3x.png in Resources */ = {isa = PBXBuildFile; fileRef = 5B3306371BE0AD6900BAF283 /* setting_clear@3x.png */; };
		5B3306471BE0AD6900BAF283 /* setting_clock.png in Resources */ = {isa = PBXBuildFile; fileRef = 5B3306381BE0AD6900BAF283 /* setting_clock.png */; };
		5B3306481BE0AD6900BAF283 /* setting_clock@2x.png in Resources */ = {isa = PBXBuildFile; fileRef = 5B3306391BE0AD6900BAF283 /* setting_clock@2x.png */; };
		5B3306491BE0AD6900BAF283 /* setting_clock@3x.png in Resources */ = {isa = PBXBuildFile; fileRef = 5B33063A1BE0AD6900BAF283 /* setting_clock@3x.png */; };
		5B33064A1BE0AD6900BAF283 /* setting_feedback.png in Resources */ = {isa = PBXBuildFile; fileRef = 5B33063B1BE0AD6900BAF283 /* setting_feedback.png */; };
		5B33064B1BE0AD6900BAF283 /* setting_feedback@2x.png in Resources */ = {isa = PBXBuildFile; fileRef = 5B33063C1BE0AD6900BAF283 /* setting_feedback@2x.png */; };
		5B33064C1BE0AD6900BAF283 /* setting_feedback@3x.png in Resources */ = {isa = PBXBuildFile; fileRef = 5B33063D1BE0AD6900BAF283 /* setting_feedback@3x.png */; };
		5B33064D1BE0AD6900BAF283 /* setting_skin.png in Resources */ = {isa = PBXBuildFile; fileRef = 5B33063E1BE0AD6900BAF283 /* setting_skin.png */; };
		5B33064E1BE0AD6900BAF283 /* setting_skin@2x.png in Resources */ = {isa = PBXBuildFile; fileRef = 5B33063F1BE0AD6900BAF283 /* setting_skin@2x.png */; };
		5B33064F1BE0AD6900BAF283 /* setting_skin@3x.png in Resources */ = {isa = PBXBuildFile; fileRef = 5B3306401BE0AD6900BAF283 /* setting_skin@3x.png */; };
		5B3306601BE0ADA900BAF283 /* state_emergency.png in Resources */ = {isa = PBXBuildFile; fileRef = 5B3306511BE0ADA900BAF283 /* state_emergency.png */; };
		5B3306611BE0ADA900BAF283 /* state_emergency@2x.png in Resources */ = {isa = PBXBuildFile; fileRef = 5B3306521BE0ADA900BAF283 /* state_emergency@2x.png */; };
		5B3306621BE0ADA900BAF283 /* state_emergency@3x.png in Resources */ = {isa = PBXBuildFile; fileRef = 5B3306531BE0ADA900BAF283 /* state_emergency@3x.png */; };
		5B3306631BE0ADA900BAF283 /* state_haveDone.png in Resources */ = {isa = PBXBuildFile; fileRef = 5B3306541BE0ADA900BAF283 /* state_haveDone.png */; };
		5B3306641BE0ADA900BAF283 /* state_haveDone@2x.png in Resources */ = {isa = PBXBuildFile; fileRef = 5B3306551BE0ADA900BAF283 /* state_haveDone@2x.png */; };
		5B3306651BE0ADA900BAF283 /* state_haveDone@3x.png in Resources */ = {isa = PBXBuildFile; fileRef = 5B3306561BE0ADA900BAF283 /* state_haveDone@3x.png */; };
		5B3306661BE0ADA900BAF283 /* state_high.png in Resources */ = {isa = PBXBuildFile; fileRef = 5B3306571BE0ADA900BAF283 /* state_high.png */; };
		5B3306671BE0ADA900BAF283 /* state_high@2x.png in Resources */ = {isa = PBXBuildFile; fileRef = 5B3306581BE0ADA900BAF283 /* state_high@2x.png */; };
		5B3306681BE0ADA900BAF283 /* state_high@3x.png in Resources */ = {isa = PBXBuildFile; fileRef = 5B3306591BE0ADA900BAF283 /* state_high@3x.png */; };
		5B3306691BE0ADA900BAF283 /* state_low.png in Resources */ = {isa = PBXBuildFile; fileRef = 5B33065A1BE0ADA900BAF283 /* state_low.png */; };
		5B33066A1BE0ADA900BAF283 /* state_low@2x.png in Resources */ = {isa = PBXBuildFile; fileRef = 5B33065B1BE0ADA900BAF283 /* state_low@2x.png */; };
		5B33066B1BE0ADA900BAF283 /* state_low@3x.png in Resources */ = {isa = PBXBuildFile; fileRef = 5B33065C1BE0ADA900BAF283 /* state_low@3x.png */; };
		5B33066C1BE0ADA900BAF283 /* state_middle.png in Resources */ = {isa = PBXBuildFile; fileRef = 5B33065D1BE0ADA900BAF283 /* state_middle.png */; };
		5B33066D1BE0ADA900BAF283 /* state_middle@2x.png in Resources */ = {isa = PBXBuildFile; fileRef = 5B33065E1BE0ADA900BAF283 /* state_middle@2x.png */; };
		5B33066E1BE0ADA900BAF283 /* state_middle@3x.png in Resources */ = {isa = PBXBuildFile; fileRef = 5B33065F1BE0ADA900BAF283 /* state_middle@3x.png */; };
		5B4A54B41C03E17000F61737 /* UI.jpg in Resources */ = {isa = PBXBuildFile; fileRef = 5B4A54B31C03E17000F61737 /* UI.jpg */; };
		DD1ED2CB1BDE7A1400953760 /* HJRBaseController.m in Sources */ = {isa = PBXBuildFile; fileRef = DD1ED2CA1BDE7A1400953760 /* HJRBaseController.m */; };
		DD1ED2DC1BDE7B6C00953760 /* HJRGogingController.m in Sources */ = {isa = PBXBuildFile; fileRef = DD1ED2DB1BDE7B6C00953760 /* HJRGogingController.m */; };
		DD1ED2DF1BDE7B8100953760 /* HJRHaveDoneController.m in Sources */ = {isa = PBXBuildFile; fileRef = DD1ED2DE1BDE7B8100953760 /* HJRHaveDoneController.m */; };
		DD1ED2E21BDE7B9000953760 /* HJRSettingController.m in Sources */ = {isa = PBXBuildFile; fileRef = DD1ED2E11BDE7B9000953760 /* HJRSettingController.m */; };
		DD1ED2FD1BDE8F2E00953760 /* testImage.jpg in Resources */ = {isa = PBXBuildFile; fileRef = DD1ED2FC1BDE8F2E00953760 /* testImage.jpg */; };
		DD43E0B01BF6EE7700B9FC3F /* HJRMainController.m in Sources */ = {isa = PBXBuildFile; fileRef = DD43E0AA1BF6EE7700B9FC3F /* HJRMainController.m */; };
		DD43E0B11BF6EE7700B9FC3F /* HJRMainPageCell.m in Sources */ = {isa = PBXBuildFile; fileRef = DD43E0AC1BF6EE7700B9FC3F /* HJRMainPageCell.m */; };
		DD43E0B21BF6EE7700B9FC3F /* HJRMainPageCell.xib in Resources */ = {isa = PBXBuildFile; fileRef = DD43E0AD1BF6EE7700B9FC3F /* HJRMainPageCell.xib */; };
		DD43E0B31BF6EE7700B9FC3F /* HJRMainPageModel.m in Sources */ = {isa = PBXBuildFile; fileRef = DD43E0AF1BF6EE7700B9FC3F /* HJRMainPageModel.m */; };
		DD43E0B91BF6F02F00B9FC3F /* HJRDetailsController.m in Sources */ = {isa = PBXBuildFile; fileRef = DD43E0B71BF6F02F00B9FC3F /* HJRDetailsController.m */; };
		DD43E0BA1BF6F02F00B9FC3F /* HJRDetailsController.xib in Resources */ = {isa = PBXBuildFile; fileRef = DD43E0B81BF6F02F00B9FC3F /* HJRDetailsController.xib */; };
		DD43E0BF1BF6F2F000B9FC3F /* HJRDetailsTableHeader.m in Sources */ = {isa = PBXBuildFile; fileRef = DD43E0BE1BF6F2F000B9FC3F /* HJRDetailsTableHeader.m */; };
		DD43E0C11BF6F37500B9FC3F /* HJRDetailsTableHeader.xib in Resources */ = {isa = PBXBuildFile; fileRef = DD43E0C01BF6F37500B9FC3F /* HJRDetailsTableHeader.xib */; };
/* End PBXBuildFile section */

/* Begin PBXContainerItemProxy section */
		5B0550101BDE0A9B00AD44EB /* PBXContainerItemProxy */ = {
			isa = PBXContainerItemProxy;
			containerPortal = 5B054FEE1BDE0A9B00AD44EB /* Project object */;
			proxyType = 1;
			remoteGlobalIDString = 5B054FF51BDE0A9B00AD44EB;
			remoteInfo = ToDo;
		};
		5B05501B1BDE0A9B00AD44EB /* PBXContainerItemProxy */ = {
			isa = PBXContainerItemProxy;
			containerPortal = 5B054FEE1BDE0A9B00AD44EB /* Project object */;
			proxyType = 1;
			remoteGlobalIDString = 5B054FF51BDE0A9B00AD44EB;
			remoteInfo = ToDo;
		};
/* End PBXContainerItemProxy section */

/* Begin PBXFileReference section */
		470EDEA88F57F81C2BBB084D /* libPods.a */ = {isa = PBXFileReference; explicitFileType = archive.ar; includeInIndex = 0; path = libPods.a; sourceTree = BUILT_PRODUCTS_DIR; };
		4DD4BCF5D7EC4214751ACB2A /* Pods.release.xcconfig */ = {isa = PBXFileReference; includeInIndex = 1; lastKnownFileType = text.xcconfig; name = Pods.release.xcconfig; path = "Pods/Target Support Files/Pods/Pods.release.xcconfig"; sourceTree = "<group>"; };
		5B054FF61BDE0A9B00AD44EB /* ToDo.app */ = {isa = PBXFileReference; explicitFileType = wrapper.application; includeInIndex = 0; path = ToDo.app; sourceTree = BUILT_PRODUCTS_DIR; };
		5B054FFA1BDE0A9B00AD44EB /* main.m */ = {isa = PBXFileReference; lastKnownFileType = sourcecode.c.objc; path = main.m; sourceTree = "<group>"; };
		5B0550051BDE0A9B00AD44EB /* Assets.xcassets */ = {isa = PBXFileReference; lastKnownFileType = folder.assetcatalog; path = Assets.xcassets; sourceTree = "<group>"; };
		5B0550081BDE0A9B00AD44EB /* Base */ = {isa = PBXFileReference; lastKnownFileType = file.storyboard; name = Base; path = Base.lproj/LaunchScreen.storyboard; sourceTree = "<group>"; };
		5B05500A1BDE0A9B00AD44EB /* Info.plist */ = {isa = PBXFileReference; lastKnownFileType = text.plist.xml; path = Info.plist; sourceTree = "<group>"; };
		5B05500F1BDE0A9B00AD44EB /* ToDoTests.xctest */ = {isa = PBXFileReference; explicitFileType = wrapper.cfbundle; includeInIndex = 0; path = ToDoTests.xctest; sourceTree = BUILT_PRODUCTS_DIR; };
		5B0550131BDE0A9B00AD44EB /* ToDoTests.m */ = {isa = PBXFileReference; lastKnownFileType = sourcecode.c.objc; path = ToDoTests.m; sourceTree = "<group>"; };
		5B0550151BDE0A9B00AD44EB /* Info.plist */ = {isa = PBXFileReference; lastKnownFileType = text.plist.xml; path = Info.plist; sourceTree = "<group>"; };
		5B05501A1BDE0A9B00AD44EB /* ToDoUITests.xctest */ = {isa = PBXFileReference; explicitFileType = wrapper.cfbundle; includeInIndex = 0; path = ToDoUITests.xctest; sourceTree = BUILT_PRODUCTS_DIR; };
		5B05501E1BDE0A9B00AD44EB /* ToDoUITests.m */ = {isa = PBXFileReference; lastKnownFileType = sourcecode.c.objc; path = ToDoUITests.m; sourceTree = "<group>"; };
		5B0550201BDE0A9B00AD44EB /* Info.plist */ = {isa = PBXFileReference; lastKnownFileType = text.plist.xml; path = Info.plist; sourceTree = "<group>"; };
		5B05502E1BDE146900AD44EB /* AppDelegate.h */ = {isa = PBXFileReference; fileEncoding = 4; lastKnownFileType = sourcecode.c.h; path = AppDelegate.h; sourceTree = "<group>"; };
		5B05502F1BDE146900AD44EB /* AppDelegate.m */ = {isa = PBXFileReference; fileEncoding = 4; lastKnownFileType = sourcecode.c.objc; path = AppDelegate.m; sourceTree = "<group>"; };
		5B0550341BDE173200AD44EB /* HJRTabBarController.h */ = {isa = PBXFileReference; fileEncoding = 4; lastKnownFileType = sourcecode.c.h; path = HJRTabBarController.h; sourceTree = "<group>"; };
		5B0550351BDE173200AD44EB /* HJRTabBarController.m */ = {isa = PBXFileReference; fileEncoding = 4; lastKnownFileType = sourcecode.c.objc; path = HJRTabBarController.m; sourceTree = "<group>"; };
		5B3305E21BE0ACDC00BAF283 /* button_add.png */ = {isa = PBXFileReference; lastKnownFileType = image.png; path = button_add.png; sourceTree = "<group>"; };
		5B3305E31BE0ACDC00BAF283 /* button_add@2x.png */ = {isa = PBXFileReference; lastKnownFileType = image.png; path = "button_add@2x.png"; sourceTree = "<group>"; };
		5B3305E41BE0ACDC00BAF283 /* button_add@3x.png */ = {isa = PBXFileReference; lastKnownFileType = image.png; path = "button_add@3x.png"; sourceTree = "<group>"; };
		5B3305E51BE0ACDC00BAF283 /* button_save.png */ = {isa = PBXFileReference; lastKnownFileType = image.png; path = button_save.png; sourceTree = "<group>"; };
		5B3305E61BE0ACDC00BAF283 /* button_save@2x.png */ = {isa = PBXFileReference; lastKnownFileType = image.png; path = "button_save@2x.png"; sourceTree = "<group>"; };
		5B3305E71BE0ACDC00BAF283 /* button_save@3x.png */ = {isa = PBXFileReference; lastKnownFileType = image.png; path = "button_save@3x.png"; sourceTree = "<group>"; };
		5B3305E81BE0ACDC00BAF283 /* button_update.png */ = {isa = PBXFileReference; lastKnownFileType = image.png; path = button_update.png; sourceTree = "<group>"; };
		5B3305E91BE0ACDC00BAF283 /* button_update@2x.png */ = {isa = PBXFileReference; lastKnownFileType = image.png; path = "button_update@2x.png"; sourceTree = "<group>"; };
		5B3305EA1BE0ACDC00BAF283 /* button_update@3x.png */ = {isa = PBXFileReference; lastKnownFileType = image.png; path = "button_update@3x.png"; sourceTree = "<group>"; };
		5B3305F51BE0AD0C00BAF283 /* nav_back.png */ = {isa = PBXFileReference; lastKnownFileType = image.png; path = nav_back.png; sourceTree = "<group>"; };
		5B3305F61BE0AD0C00BAF283 /* nav_back@2x.png */ = {isa = PBXFileReference; lastKnownFileType = image.png; path = "nav_back@2x.png"; sourceTree = "<group>"; };
		5B3305F71BE0AD0C00BAF283 /* nav_back@3x.png */ = {isa = PBXFileReference; lastKnownFileType = image.png; path = "nav_back@3x.png"; sourceTree = "<group>"; };
		5B3305FB1BE0AD5300BAF283 /* tabbar_all_nor.png */ = {isa = PBXFileReference; lastKnownFileType = image.png; path = tabbar_all_nor.png; sourceTree = "<group>"; };
		5B3305FC1BE0AD5300BAF283 /* tabbar_all_nor@2x.png */ = {isa = PBXFileReference; lastKnownFileType = image.png; path = "tabbar_all_nor@2x.png"; sourceTree = "<group>"; };
		5B3305FD1BE0AD5300BAF283 /* tabbar_all_nor@3x.png */ = {isa = PBXFileReference; lastKnownFileType = image.png; path = "tabbar_all_nor@3x.png"; sourceTree = "<group>"; };
		5B3305FE1BE0AD5300BAF283 /* tabbar_all_selected.png */ = {isa = PBXFileReference; lastKnownFileType = image.png; path = tabbar_all_selected.png; sourceTree = "<group>"; };
		5B3305FF1BE0AD5300BAF283 /* tabbar_all_selected@2x.png */ = {isa = PBXFileReference; lastKnownFileType = image.png; path = "tabbar_all_selected@2x.png"; sourceTree = "<group>"; };
		5B3306001BE0AD5300BAF283 /* tabbar_all_selected@3x.png */ = {isa = PBXFileReference; lastKnownFileType = image.png; path = "tabbar_all_selected@3x.png"; sourceTree = "<group>"; };
		5B3306011BE0AD5300BAF283 /* tabbar_bg.png */ = {isa = PBXFileReference; lastKnownFileType = image.png; path = tabbar_bg.png; sourceTree = "<group>"; };
		5B3306021BE0AD5300BAF283 /* tabbar_bg@2x.png */ = {isa = PBXFileReference; lastKnownFileType = image.png; path = "tabbar_bg@2x.png"; sourceTree = "<group>"; };
		5B3306031BE0AD5300BAF283 /* tabbar_bg@3x.png */ = {isa = PBXFileReference; lastKnownFileType = image.png; path = "tabbar_bg@3x.png"; sourceTree = "<group>"; };
		5B3306041BE0AD5300BAF283 /* tabbar_going_nor.png */ = {isa = PBXFileReference; lastKnownFileType = image.png; path = tabbar_going_nor.png; sourceTree = "<group>"; };
		5B3306051BE0AD5300BAF283 /* tabbar_going_nor@2x.png */ = {isa = PBXFileReference; lastKnownFileType = image.png; path = "tabbar_going_nor@2x.png"; sourceTree = "<group>"; };
		5B3306061BE0AD5300BAF283 /* tabbar_going_nor@3x.png */ = {isa = PBXFileReference; lastKnownFileType = image.png; path = "tabbar_going_nor@3x.png"; sourceTree = "<group>"; };
		5B3306071BE0AD5300BAF283 /* tabbar_going_selected.png */ = {isa = PBXFileReference; lastKnownFileType = image.png; path = tabbar_going_selected.png; sourceTree = "<group>"; };
		5B3306081BE0AD5300BAF283 /* tabbar_going_selected@2x.png */ = {isa = PBXFileReference; lastKnownFileType = image.png; path = "tabbar_going_selected@2x.png"; sourceTree = "<group>"; };
		5B3306091BE0AD5300BAF283 /* tabbar_going_selected@3x.png */ = {isa = PBXFileReference; lastKnownFileType = image.png; path = "tabbar_going_selected@3x.png"; sourceTree = "<group>"; };
		5B33060A1BE0AD5300BAF283 /* tabbar_haveDone_nor.png */ = {isa = PBXFileReference; lastKnownFileType = image.png; path = tabbar_haveDone_nor.png; sourceTree = "<group>"; };
		5B33060B1BE0AD5300BAF283 /* tabbar_haveDone_nor@2x.png */ = {isa = PBXFileReference; lastKnownFileType = image.png; path = "tabbar_haveDone_nor@2x.png"; sourceTree = "<group>"; };
		5B33060C1BE0AD5300BAF283 /* tabbar_haveDone_nor@3x.png */ = {isa = PBXFileReference; lastKnownFileType = image.png; path = "tabbar_haveDone_nor@3x.png"; sourceTree = "<group>"; };
		5B33060D1BE0AD5300BAF283 /* tabbar_haveDone_selected.png */ = {isa = PBXFileReference; lastKnownFileType = image.png; path = tabbar_haveDone_selected.png; sourceTree = "<group>"; };
		5B33060E1BE0AD5300BAF283 /* tabbar_haveDone_selected@2x.png */ = {isa = PBXFileReference; lastKnownFileType = image.png; path = "tabbar_haveDone_selected@2x.png"; sourceTree = "<group>"; };
		5B33060F1BE0AD5300BAF283 /* tabbar_haveDone_selected@3x.png */ = {isa = PBXFileReference; lastKnownFileType = image.png; path = "tabbar_haveDone_selected@3x.png"; sourceTree = "<group>"; };
		5B3306101BE0AD5300BAF283 /* tabbar_setting_nor.png */ = {isa = PBXFileReference; lastKnownFileType = image.png; path = tabbar_setting_nor.png; sourceTree = "<group>"; };
		5B3306111BE0AD5300BAF283 /* tabbar_setting_nor@2x.png */ = {isa = PBXFileReference; lastKnownFileType = image.png; path = "tabbar_setting_nor@2x.png"; sourceTree = "<group>"; };
		5B3306121BE0AD5300BAF283 /* tabbar_setting_nor@3x.png */ = {isa = PBXFileReference; lastKnownFileType = image.png; path = "tabbar_setting_nor@3x.png"; sourceTree = "<group>"; };
		5B3306131BE0AD5300BAF283 /* tabbar_setting_selected.png */ = {isa = PBXFileReference; lastKnownFileType = image.png; path = tabbar_setting_selected.png; sourceTree = "<group>"; };
		5B3306141BE0AD5300BAF283 /* tabbar_setting_selected@2x.png */ = {isa = PBXFileReference; lastKnownFileType = image.png; path = "tabbar_setting_selected@2x.png"; sourceTree = "<group>"; };
		5B3306151BE0AD5300BAF283 /* tabbar_setting_selected@3x.png */ = {isa = PBXFileReference; lastKnownFileType = image.png; path = "tabbar_setting_selected@3x.png"; sourceTree = "<group>"; };
		5B3306321BE0AD6900BAF283 /* setting_about.png */ = {isa = PBXFileReference; lastKnownFileType = image.png; path = setting_about.png; sourceTree = "<group>"; };
		5B3306331BE0AD6900BAF283 /* setting_about@2x.png */ = {isa = PBXFileReference; lastKnownFileType = image.png; path = "setting_about@2x.png"; sourceTree = "<group>"; };
		5B3306341BE0AD6900BAF283 /* setting_about@3x.png */ = {isa = PBXFileReference; lastKnownFileType = image.png; path = "setting_about@3x.png"; sourceTree = "<group>"; };
		5B3306351BE0AD6900BAF283 /* setting_clear.png */ = {isa = PBXFileReference; lastKnownFileType = image.png; path = setting_clear.png; sourceTree = "<group>"; };
		5B3306361BE0AD6900BAF283 /* setting_clear@2x.png */ = {isa = PBXFileReference; lastKnownFileType = image.png; path = "setting_clear@2x.png"; sourceTree = "<group>"; };
		5B3306371BE0AD6900BAF283 /* setting_clear@3x.png */ = {isa = PBXFileReference; lastKnownFileType = image.png; path = "setting_clear@3x.png"; sourceTree = "<group>"; };
		5B3306381BE0AD6900BAF283 /* setting_clock.png */ = {isa = PBXFileReference; lastKnownFileType = image.png; path = setting_clock.png; sourceTree = "<group>"; };
		5B3306391BE0AD6900BAF283 /* setting_clock@2x.png */ = {isa = PBXFileReference; lastKnownFileType = image.png; path = "setting_clock@2x.png"; sourceTree = "<group>"; };
		5B33063A1BE0AD6900BAF283 /* setting_clock@3x.png */ = {isa = PBXFileReference; lastKnownFileType = image.png; path = "setting_clock@3x.png"; sourceTree = "<group>"; };
		5B33063B1BE0AD6900BAF283 /* setting_feedback.png */ = {isa = PBXFileReference; lastKnownFileType = image.png; path = setting_feedback.png; sourceTree = "<group>"; };
		5B33063C1BE0AD6900BAF283 /* setting_feedback@2x.png */ = {isa = PBXFileReference; lastKnownFileType = image.png; path = "setting_feedback@2x.png"; sourceTree = "<group>"; };
		5B33063D1BE0AD6900BAF283 /* setting_feedback@3x.png */ = {isa = PBXFileReference; lastKnownFileType = image.png; path = "setting_feedback@3x.png"; sourceTree = "<group>"; };
		5B33063E1BE0AD6900BAF283 /* setting_skin.png */ = {isa = PBXFileReference; lastKnownFileType = image.png; path = setting_skin.png; sourceTree = "<group>"; };
		5B33063F1BE0AD6900BAF283 /* setting_skin@2x.png */ = {isa = PBXFileReference; lastKnownFileType = image.png; path = "setting_skin@2x.png"; sourceTree = "<group>"; };
		5B3306401BE0AD6900BAF283 /* setting_skin@3x.png */ = {isa = PBXFileReference; lastKnownFileType = image.png; path = "setting_skin@3x.png"; sourceTree = "<group>"; };
		5B3306511BE0ADA900BAF283 /* state_emergency.png */ = {isa = PBXFileReference; lastKnownFileType = image.png; path = state_emergency.png; sourceTree = "<group>"; };
		5B3306521BE0ADA900BAF283 /* state_emergency@2x.png */ = {isa = PBXFileReference; lastKnownFileType = image.png; path = "state_emergency@2x.png"; sourceTree = "<group>"; };
		5B3306531BE0ADA900BAF283 /* state_emergency@3x.png */ = {isa = PBXFileReference; lastKnownFileType = image.png; path = "state_emergency@3x.png"; sourceTree = "<group>"; };
		5B3306541BE0ADA900BAF283 /* state_haveDone.png */ = {isa = PBXFileReference; lastKnownFileType = image.png; path = state_haveDone.png; sourceTree = "<group>"; };
		5B3306551BE0ADA900BAF283 /* state_haveDone@2x.png */ = {isa = PBXFileReference; lastKnownFileType = image.png; path = "state_haveDone@2x.png"; sourceTree = "<group>"; };
		5B3306561BE0ADA900BAF283 /* state_haveDone@3x.png */ = {isa = PBXFileReference; lastKnownFileType = image.png; path = "state_haveDone@3x.png"; sourceTree = "<group>"; };
		5B3306571BE0ADA900BAF283 /* state_high.png */ = {isa = PBXFileReference; lastKnownFileType = image.png; path = state_high.png; sourceTree = "<group>"; };
		5B3306581BE0ADA900BAF283 /* state_high@2x.png */ = {isa = PBXFileReference; lastKnownFileType = image.png; path = "state_high@2x.png"; sourceTree = "<group>"; };
		5B3306591BE0ADA900BAF283 /* state_high@3x.png */ = {isa = PBXFileReference; lastKnownFileType = image.png; path = "state_high@3x.png"; sourceTree = "<group>"; };
		5B33065A1BE0ADA900BAF283 /* state_low.png */ = {isa = PBXFileReference; lastKnownFileType = image.png; path = state_low.png; sourceTree = "<group>"; };
		5B33065B1BE0ADA900BAF283 /* state_low@2x.png */ = {isa = PBXFileReference; lastKnownFileType = image.png; path = "state_low@2x.png"; sourceTree = "<group>"; };
		5B33065C1BE0ADA900BAF283 /* state_low@3x.png */ = {isa = PBXFileReference; lastKnownFileType = image.png; path = "state_low@3x.png"; sourceTree = "<group>"; };
		5B33065D1BE0ADA900BAF283 /* state_middle.png */ = {isa = PBXFileReference; lastKnownFileType = image.png; path = state_middle.png; sourceTree = "<group>"; };
		5B33065E1BE0ADA900BAF283 /* state_middle@2x.png */ = {isa = PBXFileReference; lastKnownFileType = image.png; path = "state_middle@2x.png"; sourceTree = "<group>"; };
		5B33065F1BE0ADA900BAF283 /* state_middle@3x.png */ = {isa = PBXFileReference; lastKnownFileType = image.png; path = "state_middle@3x.png"; sourceTree = "<group>"; };
		5B4A54B31C03E17000F61737 /* UI.jpg */ = {isa = PBXFileReference; lastKnownFileType = image.jpeg; path = UI.jpg; sourceTree = "<group>"; };
		DD1ED2C91BDE7A1400953760 /* HJRBaseController.h */ = {isa = PBXFileReference; fileEncoding = 4; lastKnownFileType = sourcecode.c.h; path = HJRBaseController.h; sourceTree = "<group>"; };
		DD1ED2CA1BDE7A1400953760 /* HJRBaseController.m */ = {isa = PBXFileReference; fileEncoding = 4; lastKnownFileType = sourcecode.c.objc; path = HJRBaseController.m; sourceTree = "<group>"; };
		DD1ED2DA1BDE7B6C00953760 /* HJRGogingController.h */ = {isa = PBXFileReference; fileEncoding = 4; lastKnownFileType = sourcecode.c.h; path = HJRGogingController.h; sourceTree = "<group>"; };
		DD1ED2DB1BDE7B6C00953760 /* HJRGogingController.m */ = {isa = PBXFileReference; fileEncoding = 4; lastKnownFileType = sourcecode.c.objc; path = HJRGogingController.m; sourceTree = "<group>"; };
		DD1ED2DD1BDE7B8100953760 /* HJRHaveDoneController.h */ = {isa = PBXFileReference; fileEncoding = 4; lastKnownFileType = sourcecode.c.h; path = HJRHaveDoneController.h; sourceTree = "<group>"; };
		DD1ED2DE1BDE7B8100953760 /* HJRHaveDoneController.m */ = {isa = PBXFileReference; fileEncoding = 4; lastKnownFileType = sourcecode.c.objc; path = HJRHaveDoneController.m; sourceTree = "<group>"; };
		DD1ED2E01BDE7B9000953760 /* HJRSettingController.h */ = {isa = PBXFileReference; fileEncoding = 4; lastKnownFileType = sourcecode.c.h; path = HJRSettingController.h; sourceTree = "<group>"; };
		DD1ED2E11BDE7B9000953760 /* HJRSettingController.m */ = {isa = PBXFileReference; fileEncoding = 4; lastKnownFileType = sourcecode.c.objc; path = HJRSettingController.m; sourceTree = "<group>"; };
		DD1ED2FC1BDE8F2E00953760 /* testImage.jpg */ = {isa = PBXFileReference; lastKnownFileType = image.jpeg; path = testImage.jpg; sourceTree = "<group>"; };
		DD43E0A91BF6EE7700B9FC3F /* HJRMainController.h */ = {isa = PBXFileReference; fileEncoding = 4; lastKnownFileType = sourcecode.c.h; path = HJRMainController.h; sourceTree = "<group>"; };
		DD43E0AA1BF6EE7700B9FC3F /* HJRMainController.m */ = {isa = PBXFileReference; fileEncoding = 4; lastKnownFileType = sourcecode.c.objc; path = HJRMainController.m; sourceTree = "<group>"; };
		DD43E0AB1BF6EE7700B9FC3F /* HJRMainPageCell.h */ = {isa = PBXFileReference; fileEncoding = 4; lastKnownFileType = sourcecode.c.h; path = HJRMainPageCell.h; sourceTree = "<group>"; };
		DD43E0AC1BF6EE7700B9FC3F /* HJRMainPageCell.m */ = {isa = PBXFileReference; fileEncoding = 4; lastKnownFileType = sourcecode.c.objc; path = HJRMainPageCell.m; sourceTree = "<group>"; };
		DD43E0AD1BF6EE7700B9FC3F /* HJRMainPageCell.xib */ = {isa = PBXFileReference; fileEncoding = 4; lastKnownFileType = file.xib; path = HJRMainPageCell.xib; sourceTree = "<group>"; };
		DD43E0AE1BF6EE7700B9FC3F /* HJRMainPageModel.h */ = {isa = PBXFileReference; fileEncoding = 4; lastKnownFileType = sourcecode.c.h; path = HJRMainPageModel.h; sourceTree = "<group>"; };
		DD43E0AF1BF6EE7700B9FC3F /* HJRMainPageModel.m */ = {isa = PBXFileReference; fileEncoding = 4; lastKnownFileType = sourcecode.c.objc; path = HJRMainPageModel.m; sourceTree = "<group>"; };
		DD43E0B61BF6F02F00B9FC3F /* HJRDetailsController.h */ = {isa = PBXFileReference; fileEncoding = 4; lastKnownFileType = sourcecode.c.h; path = HJRDetailsController.h; sourceTree = "<group>"; };
		DD43E0B71BF6F02F00B9FC3F /* HJRDetailsController.m */ = {isa = PBXFileReference; fileEncoding = 4; lastKnownFileType = sourcecode.c.objc; path = HJRDetailsController.m; sourceTree = "<group>"; };
		DD43E0B81BF6F02F00B9FC3F /* HJRDetailsController.xib */ = {isa = PBXFileReference; fileEncoding = 4; lastKnownFileType = file.xib; path = HJRDetailsController.xib; sourceTree = "<group>"; };
		DD43E0BD1BF6F2F000B9FC3F /* HJRDetailsTableHeader.h */ = {isa = PBXFileReference; fileEncoding = 4; lastKnownFileType = sourcecode.c.h; path = HJRDetailsTableHeader.h; sourceTree = "<group>"; };
		DD43E0BE1BF6F2F000B9FC3F /* HJRDetailsTableHeader.m */ = {isa = PBXFileReference; fileEncoding = 4; lastKnownFileType = sourcecode.c.objc; path = HJRDetailsTableHeader.m; sourceTree = "<group>"; };
		DD43E0C01BF6F37500B9FC3F /* HJRDetailsTableHeader.xib */ = {isa = PBXFileReference; fileEncoding = 4; lastKnownFileType = file.xib; path = HJRDetailsTableHeader.xib; sourceTree = "<group>"; };
		F70D8A397534A40AEB1EF7FF /* Pods.debug.xcconfig */ = {isa = PBXFileReference; includeInIndex = 1; lastKnownFileType = text.xcconfig; name = Pods.debug.xcconfig; path = "Pods/Target Support Files/Pods/Pods.debug.xcconfig"; sourceTree = "<group>"; };
/* End PBXFileReference section */

/* Begin PBXFrameworksBuildPhase section */
		5B054FF31BDE0A9B00AD44EB /* Frameworks */ = {
			isa = PBXFrameworksBuildPhase;
			buildActionMask = 2147483647;
			files = (
				406864C6C2481B24A5B8393B /* libPods.a in Frameworks */,
			);
			runOnlyForDeploymentPostprocessing = 0;
		};
		5B05500C1BDE0A9B00AD44EB /* Frameworks */ = {
			isa = PBXFrameworksBuildPhase;
			buildActionMask = 2147483647;
			files = (
			);
			runOnlyForDeploymentPostprocessing = 0;
		};
		5B0550171BDE0A9B00AD44EB /* Frameworks */ = {
			isa = PBXFrameworksBuildPhase;
			buildActionMask = 2147483647;
			files = (
			);
			runOnlyForDeploymentPostprocessing = 0;
		};
/* End PBXFrameworksBuildPhase section */

/* Begin PBXGroup section */
		5B054FED1BDE0A9B00AD44EB = {
			isa = PBXGroup;
			children = (
				5B054FF81BDE0A9B00AD44EB /* ToDo */,
				5B0550121BDE0A9B00AD44EB /* ToDoTests */,
				5B05501D1BDE0A9B00AD44EB /* ToDoUITests */,
				5B054FF71BDE0A9B00AD44EB /* Products */,
				BC7517CF668B59466DFF15CA /* Pods */,
				F64438AB1171A16E6C78BFF4 /* Frameworks */,
			);
			sourceTree = "<group>";
		};
		5B054FF71BDE0A9B00AD44EB /* Products */ = {
			isa = PBXGroup;
			children = (
				5B054FF61BDE0A9B00AD44EB /* ToDo.app */,
				5B05500F1BDE0A9B00AD44EB /* ToDoTests.xctest */,
				5B05501A1BDE0A9B00AD44EB /* ToDoUITests.xctest */,
			);
			name = Products;
			sourceTree = "<group>";
		};
		5B054FF81BDE0A9B00AD44EB /* ToDo */ = {
			isa = PBXGroup;
			children = (
				5B05502D1BDE146900AD44EB /* Classes */,
				5B054FF91BDE0A9B00AD44EB /* Supporting Files */,
				5B0550051BDE0A9B00AD44EB /* Assets.xcassets */,
			);
			path = ToDo;
			sourceTree = "<group>";
		};
		5B054FF91BDE0A9B00AD44EB /* Supporting Files */ = {
			isa = PBXGroup;
			children = (
				DD1ED2E31BDE88A200953760 /* Resources */,
				5B4A54B31C03E17000F61737 /* UI.jpg */,
				5B0550071BDE0A9B00AD44EB /* LaunchScreen.storyboard */,
				5B05500A1BDE0A9B00AD44EB /* Info.plist */,
				5B054FFA1BDE0A9B00AD44EB /* main.m */,
			);
			name = "Supporting Files";
			sourceTree = "<group>";
		};
		5B0550121BDE0A9B00AD44EB /* ToDoTests */ = {
			isa = PBXGroup;
			children = (
				5B0550131BDE0A9B00AD44EB /* ToDoTests.m */,
				5B0550151BDE0A9B00AD44EB /* Info.plist */,
			);
			path = ToDoTests;
			sourceTree = "<group>";
		};
		5B05501D1BDE0A9B00AD44EB /* ToDoUITests */ = {
			isa = PBXGroup;
			children = (
				5B05501E1BDE0A9B00AD44EB /* ToDoUITests.m */,
				5B0550201BDE0A9B00AD44EB /* Info.plist */,
			);
			path = ToDoUITests;
			sourceTree = "<group>";
		};
		5B05502D1BDE146900AD44EB /* Classes */ = {
			isa = PBXGroup;
			children = (
				DD43E0A81BF6EE7700B9FC3F /* MainPageController */,
				DD43E0A71BF6EDE100B9FC3F /* AddItemController */,
				DD1ED2C81BDE79FE00953760 /* BaseViewController */,
				DD1ED2CF1BDE7AEE00953760 /* GoingController */,
				DD1ED2D91BDE7B4700953760 /* HaveDoneController */,
				DD1ED2D01BDE7AF600953760 /* SettingController */,
				DD43E0A61BF6ED1000B9FC3F /* DetailsViewController */,
				5B05502E1BDE146900AD44EB /* AppDelegate.h */,
				5B05502F1BDE146900AD44EB /* AppDelegate.m */,
				5B0550341BDE173200AD44EB /* HJRTabBarController.h */,
				5B0550351BDE173200AD44EB /* HJRTabBarController.m */,
				DD1ED2FC1BDE8F2E00953760 /* testImage.jpg */,
			);
			path = Classes;
			sourceTree = "<group>";
		};
		5B3305F41BE0AD0C00BAF283 /* navigationbar */ = {
			isa = PBXGroup;
			children = (
				5B3305F51BE0AD0C00BAF283 /* nav_back.png */,
				5B3305F61BE0AD0C00BAF283 /* nav_back@2x.png */,
				5B3305F71BE0AD0C00BAF283 /* nav_back@3x.png */,
			);
			path = navigationbar;
			sourceTree = "<group>";
		};
		5B3306311BE0AD6900BAF283 /* setting */ = {
			isa = PBXGroup;
			children = (
				5B3306321BE0AD6900BAF283 /* setting_about.png */,
				5B3306331BE0AD6900BAF283 /* setting_about@2x.png */,
				5B3306341BE0AD6900BAF283 /* setting_about@3x.png */,
				5B3306351BE0AD6900BAF283 /* setting_clear.png */,
				5B3306361BE0AD6900BAF283 /* setting_clear@2x.png */,
				5B3306371BE0AD6900BAF283 /* setting_clear@3x.png */,
				5B3306381BE0AD6900BAF283 /* setting_clock.png */,
				5B3306391BE0AD6900BAF283 /* setting_clock@2x.png */,
				5B33063A1BE0AD6900BAF283 /* setting_clock@3x.png */,
				5B33063B1BE0AD6900BAF283 /* setting_feedback.png */,
				5B33063C1BE0AD6900BAF283 /* setting_feedback@2x.png */,
				5B33063D1BE0AD6900BAF283 /* setting_feedback@3x.png */,
				5B33063E1BE0AD6900BAF283 /* setting_skin.png */,
				5B33063F1BE0AD6900BAF283 /* setting_skin@2x.png */,
				5B3306401BE0AD6900BAF283 /* setting_skin@3x.png */,
			);
			path = setting;
			sourceTree = "<group>";
		};
		5B3306501BE0AD9D00BAF283 /* nor */ = {
			isa = PBXGroup;
			children = (
				5B3306511BE0ADA900BAF283 /* state_emergency.png */,
				5B3306521BE0ADA900BAF283 /* state_emergency@2x.png */,
				5B3306531BE0ADA900BAF283 /* state_emergency@3x.png */,
				5B3306541BE0ADA900BAF283 /* state_haveDone.png */,
				5B3306551BE0ADA900BAF283 /* state_haveDone@2x.png */,
				5B3306561BE0ADA900BAF283 /* state_haveDone@3x.png */,
				5B3306571BE0ADA900BAF283 /* state_high.png */,
				5B3306581BE0ADA900BAF283 /* state_high@2x.png */,
				5B3306591BE0ADA900BAF283 /* state_high@3x.png */,
				5B33065A1BE0ADA900BAF283 /* state_low.png */,
				5B33065B1BE0ADA900BAF283 /* state_low@2x.png */,
				5B33065C1BE0ADA900BAF283 /* state_low@3x.png */,
				5B33065D1BE0ADA900BAF283 /* state_middle.png */,
				5B33065E1BE0ADA900BAF283 /* state_middle@2x.png */,
				5B33065F1BE0ADA900BAF283 /* state_middle@3x.png */,
			);
			path = nor;
			sourceTree = "<group>";
		};
		BC7517CF668B59466DFF15CA /* Pods */ = {
			isa = PBXGroup;
			children = (
				F70D8A397534A40AEB1EF7FF /* Pods.debug.xcconfig */,
				4DD4BCF5D7EC4214751ACB2A /* Pods.release.xcconfig */,
			);
			name = Pods;
			sourceTree = "<group>";
		};
		DD1ED2C81BDE79FE00953760 /* BaseViewController */ = {
			isa = PBXGroup;
			children = (
				DD1ED2C91BDE7A1400953760 /* HJRBaseController.h */,
				DD1ED2CA1BDE7A1400953760 /* HJRBaseController.m */,
			);
			path = BaseViewController;
			sourceTree = "<group>";
		};
		DD1ED2CF1BDE7AEE00953760 /* GoingController */ = {
			isa = PBXGroup;
			children = (
				DD1ED2DA1BDE7B6C00953760 /* HJRGogingController.h */,
				DD1ED2DB1BDE7B6C00953760 /* HJRGogingController.m */,
			);
			path = GoingController;
			sourceTree = "<group>";
		};
		DD1ED2D01BDE7AF600953760 /* SettingController */ = {
			isa = PBXGroup;
			children = (
				DD1ED2E01BDE7B9000953760 /* HJRSettingController.h */,
				DD1ED2E11BDE7B9000953760 /* HJRSettingController.m */,
			);
			path = SettingController;
			sourceTree = "<group>";
		};
		DD1ED2D91BDE7B4700953760 /* HaveDoneController */ = {
			isa = PBXGroup;
			children = (
				DD1ED2DD1BDE7B8100953760 /* HJRHaveDoneController.h */,
				DD1ED2DE1BDE7B8100953760 /* HJRHaveDoneController.m */,
			);
			path = HaveDoneController;
			sourceTree = "<group>";
		};
		DD1ED2E31BDE88A200953760 /* Resources */ = {
			isa = PBXGroup;
			children = (
				5B3306501BE0AD9D00BAF283 /* nor */,
				5B3306311BE0AD6900BAF283 /* setting */,
				5B3305F41BE0AD0C00BAF283 /* navigationbar */,
				DD1ED2E41BDE88D900953760 /* appIcon */,
				DD1ED2E51BDE88D900953760 /* buttons */,
				DD1ED2E71BDE88D900953760 /* tabbar */,
			);
			path = Resources;
			sourceTree = "<group>";
		};
		DD1ED2E41BDE88D900953760 /* appIcon */ = {
			isa = PBXGroup;
			children = (
			);
			path = appIcon;
			sourceTree = "<group>";
		};
		DD1ED2E51BDE88D900953760 /* buttons */ = {
			isa = PBXGroup;
			children = (
				5B3305E21BE0ACDC00BAF283 /* button_add.png */,
				5B3305E31BE0ACDC00BAF283 /* button_add@2x.png */,
				5B3305E41BE0ACDC00BAF283 /* button_add@3x.png */,
				5B3305E51BE0ACDC00BAF283 /* button_save.png */,
				5B3305E61BE0ACDC00BAF283 /* button_save@2x.png */,
				5B3305E71BE0ACDC00BAF283 /* button_save@3x.png */,
				5B3305E81BE0ACDC00BAF283 /* button_update.png */,
				5B3305E91BE0ACDC00BAF283 /* button_update@2x.png */,
				5B3305EA1BE0ACDC00BAF283 /* button_update@3x.png */,
			);
			path = buttons;
			sourceTree = "<group>";
		};
		DD1ED2E71BDE88D900953760 /* tabbar */ = {
			isa = PBXGroup;
			children = (
				5B3305FB1BE0AD5300BAF283 /* tabbar_all_nor.png */,
				5B3305FC1BE0AD5300BAF283 /* tabbar_all_nor@2x.png */,
				5B3305FD1BE0AD5300BAF283 /* tabbar_all_nor@3x.png */,
				5B3305FE1BE0AD5300BAF283 /* tabbar_all_selected.png */,
				5B3305FF1BE0AD5300BAF283 /* tabbar_all_selected@2x.png */,
				5B3306001BE0AD5300BAF283 /* tabbar_all_selected@3x.png */,
				5B3306011BE0AD5300BAF283 /* tabbar_bg.png */,
				5B3306021BE0AD5300BAF283 /* tabbar_bg@2x.png */,
				5B3306031BE0AD5300BAF283 /* tabbar_bg@3x.png */,
				5B3306041BE0AD5300BAF283 /* tabbar_going_nor.png */,
				5B3306051BE0AD5300BAF283 /* tabbar_going_nor@2x.png */,
				5B3306061BE0AD5300BAF283 /* tabbar_going_nor@3x.png */,
				5B3306071BE0AD5300BAF283 /* tabbar_going_selected.png */,
				5B3306081BE0AD5300BAF283 /* tabbar_going_selected@2x.png */,
				5B3306091BE0AD5300BAF283 /* tabbar_going_selected@3x.png */,
				5B33060A1BE0AD5300BAF283 /* tabbar_haveDone_nor.png */,
				5B33060B1BE0AD5300BAF283 /* tabbar_haveDone_nor@2x.png */,
				5B33060C1BE0AD5300BAF283 /* tabbar_haveDone_nor@3x.png */,
				5B33060D1BE0AD5300BAF283 /* tabbar_haveDone_selected.png */,
				5B33060E1BE0AD5300BAF283 /* tabbar_haveDone_selected@2x.png */,
				5B33060F1BE0AD5300BAF283 /* tabbar_haveDone_selected@3x.png */,
				5B3306101BE0AD5300BAF283 /* tabbar_setting_nor.png */,
				5B3306111BE0AD5300BAF283 /* tabbar_setting_nor@2x.png */,
				5B3306121BE0AD5300BAF283 /* tabbar_setting_nor@3x.png */,
				5B3306131BE0AD5300BAF283 /* tabbar_setting_selected.png */,
				5B3306141BE0AD5300BAF283 /* tabbar_setting_selected@2x.png */,
				5B3306151BE0AD5300BAF283 /* tabbar_setting_selected@3x.png */,
			);
			path = tabbar;
			sourceTree = "<group>";
		};
		DD43E0A61BF6ED1000B9FC3F /* DetailsViewController */ = {
			isa = PBXGroup;
			children = (
				DD43E0BC1BF6F2A400B9FC3F /* Model */,
				DD43E0BB1BF6F29300B9FC3F /* Views */,
				DD43E0B61BF6F02F00B9FC3F /* HJRDetailsController.h */,
				DD43E0B71BF6F02F00B9FC3F /* HJRDetailsController.m */,
				DD43E0B81BF6F02F00B9FC3F /* HJRDetailsController.xib */,
			);
			path = DetailsViewController;
			sourceTree = "<group>";
		};
		DD43E0A71BF6EDE100B9FC3F /* AddItemController */ = {
			isa = PBXGroup;
			children = (
			);
			path = AddItemController;
			sourceTree = "<group>";
		};
		DD43E0A81BF6EE7700B9FC3F /* MainPageController */ = {
			isa = PBXGroup;
			children = (
				DD43E0A91BF6EE7700B9FC3F /* HJRMainController.h */,
				DD43E0AA1BF6EE7700B9FC3F /* HJRMainController.m */,
				DD43E0B51BF6EEBD00B9FC3F /* Views */,
				DD43E0B41BF6EEA900B9FC3F /* Model */,
			);
			path = MainPageController;
			sourceTree = "<group>";
		};
		DD43E0B41BF6EEA900B9FC3F /* Model */ = {
			isa = PBXGroup;
			children = (
				DD43E0AE1BF6EE7700B9FC3F /* HJRMainPageModel.h */,
				DD43E0AF1BF6EE7700B9FC3F /* HJRMainPageModel.m */,
			);
			name = Model;
			sourceTree = "<group>";
		};
		DD43E0B51BF6EEBD00B9FC3F /* Views */ = {
			isa = PBXGroup;
			children = (
				DD43E0AB1BF6EE7700B9FC3F /* HJRMainPageCell.h */,
				DD43E0AC1BF6EE7700B9FC3F /* HJRMainPageCell.m */,
				DD43E0AD1BF6EE7700B9FC3F /* HJRMainPageCell.xib */,
			);
			name = Views;
			sourceTree = "<group>";
		};
		DD43E0BB1BF6F29300B9FC3F /* Views */ = {
			isa = PBXGroup;
			children = (
				DD43E0BD1BF6F2F000B9FC3F /* HJRDetailsTableHeader.h */,
				DD43E0BE1BF6F2F000B9FC3F /* HJRDetailsTableHeader.m */,
				DD43E0C01BF6F37500B9FC3F /* HJRDetailsTableHeader.xib */,
			);
			name = Views;
			sourceTree = "<group>";
		};
		DD43E0BC1BF6F2A400B9FC3F /* Model */ = {
			isa = PBXGroup;
			children = (
			);
			name = Model;
			sourceTree = "<group>";
		};
		F64438AB1171A16E6C78BFF4 /* Frameworks */ = {
			isa = PBXGroup;
			children = (
				470EDEA88F57F81C2BBB084D /* libPods.a */,
			);
			name = Frameworks;
			sourceTree = "<group>";
		};
/* End PBXGroup section */

/* Begin PBXNativeTarget section */
		5B054FF51BDE0A9B00AD44EB /* ToDo */ = {
			isa = PBXNativeTarget;
			buildConfigurationList = 5B0550231BDE0A9B00AD44EB /* Build configuration list for PBXNativeTarget "ToDo" */;
			buildPhases = (
				25EB94F4DDA6153F187AAFA1 /* Check Pods Manifest.lock */,
				5B054FF21BDE0A9B00AD44EB /* Sources */,
				5B054FF31BDE0A9B00AD44EB /* Frameworks */,
				5B054FF41BDE0A9B00AD44EB /* Resources */,
				3DBE1E7A3874AE45F99DAE94 /* Embed Pods Frameworks */,
				616193802D786E83E0FCC01A /* Copy Pods Resources */,
			);
			buildRules = (
			);
			dependencies = (
			);
			name = ToDo;
			productName = ToDo;
			productReference = 5B054FF61BDE0A9B00AD44EB /* ToDo.app */;
			productType = "com.apple.product-type.application";
		};
		5B05500E1BDE0A9B00AD44EB /* ToDoTests */ = {
			isa = PBXNativeTarget;
			buildConfigurationList = 5B0550261BDE0A9B00AD44EB /* Build configuration list for PBXNativeTarget "ToDoTests" */;
			buildPhases = (
				5B05500B1BDE0A9B00AD44EB /* Sources */,
				5B05500C1BDE0A9B00AD44EB /* Frameworks */,
				5B05500D1BDE0A9B00AD44EB /* Resources */,
			);
			buildRules = (
			);
			dependencies = (
				5B0550111BDE0A9B00AD44EB /* PBXTargetDependency */,
			);
			name = ToDoTests;
			productName = ToDoTests;
			productReference = 5B05500F1BDE0A9B00AD44EB /* ToDoTests.xctest */;
			productType = "com.apple.product-type.bundle.unit-test";
		};
		5B0550191BDE0A9B00AD44EB /* ToDoUITests */ = {
			isa = PBXNativeTarget;
			buildConfigurationList = 5B0550291BDE0A9B00AD44EB /* Build configuration list for PBXNativeTarget "ToDoUITests" */;
			buildPhases = (
				5B0550161BDE0A9B00AD44EB /* Sources */,
				5B0550171BDE0A9B00AD44EB /* Frameworks */,
				5B0550181BDE0A9B00AD44EB /* Resources */,
			);
			buildRules = (
			);
			dependencies = (
				5B05501C1BDE0A9B00AD44EB /* PBXTargetDependency */,
			);
			name = ToDoUITests;
			productName = ToDoUITests;
			productReference = 5B05501A1BDE0A9B00AD44EB /* ToDoUITests.xctest */;
			productType = "com.apple.product-type.bundle.ui-testing";
		};
/* End PBXNativeTarget section */

/* Begin PBXProject section */
		5B054FEE1BDE0A9B00AD44EB /* Project object */ = {
			isa = PBXProject;
			attributes = {
				LastUpgradeCheck = 0710;
				ORGANIZATIONNAME = nxone;
				TargetAttributes = {
					5B054FF51BDE0A9B00AD44EB = {
						CreatedOnToolsVersion = 7.1;
					};
					5B05500E1BDE0A9B00AD44EB = {
						CreatedOnToolsVersion = 7.1;
						TestTargetID = 5B054FF51BDE0A9B00AD44EB;
					};
					5B0550191BDE0A9B00AD44EB = {
						CreatedOnToolsVersion = 7.1;
						TestTargetID = 5B054FF51BDE0A9B00AD44EB;
					};
				};
			};
			buildConfigurationList = 5B054FF11BDE0A9B00AD44EB /* Build configuration list for PBXProject "ToDo" */;
			compatibilityVersion = "Xcode 3.2";
			developmentRegion = English;
			hasScannedForEncodings = 0;
			knownRegions = (
				en,
				Base,
			);
			mainGroup = 5B054FED1BDE0A9B00AD44EB;
			productRefGroup = 5B054FF71BDE0A9B00AD44EB /* Products */;
			projectDirPath = "";
			projectRoot = "";
			targets = (
				5B054FF51BDE0A9B00AD44EB /* ToDo */,
				5B05500E1BDE0A9B00AD44EB /* ToDoTests */,
				5B0550191BDE0A9B00AD44EB /* ToDoUITests */,
			);
		};
/* End PBXProject section */

/* Begin PBXResourcesBuildPhase section */
		5B054FF41BDE0A9B00AD44EB /* Resources */ = {
			isa = PBXResourcesBuildPhase;
			buildActionMask = 2147483647;
			files = (
				5B3305F11BE0ACDC00BAF283 /* button_update.png in Resources */,
				5B33061D1BE0AD5300BAF283 /* tabbar_bg@2x.png in Resources */,
				5B3305F31BE0ACDC00BAF283 /* button_update@3x.png in Resources */,
				5B3306481BE0AD6900BAF283 /* setting_clock@2x.png in Resources */,
				5B33061E1BE0AD5300BAF283 /* tabbar_bg@3x.png in Resources */,
				5B33064D1BE0AD6900BAF283 /* setting_skin.png in Resources */,
				5B3306191BE0AD5300BAF283 /* tabbar_all_selected.png in Resources */,
				5B3306451BE0AD6900BAF283 /* setting_clear@2x.png in Resources */,
				5B3305EB1BE0ACDC00BAF283 /* button_add.png in Resources */,
				5B3305F01BE0ACDC00BAF283 /* button_save@3x.png in Resources */,
				5B3306161BE0AD5300BAF283 /* tabbar_all_nor.png in Resources */,
				5B3306491BE0AD6900BAF283 /* setting_clock@3x.png in Resources */,
				5B3306421BE0AD6900BAF283 /* setting_about@2x.png in Resources */,
				5B3306291BE0AD5300BAF283 /* tabbar_haveDone_selected@2x.png in Resources */,
				5B33061C1BE0AD5300BAF283 /* tabbar_bg.png in Resources */,
				5B3306431BE0AD6900BAF283 /* setting_about@3x.png in Resources */,
				5B3305FA1BE0AD0C00BAF283 /* nav_back@3x.png in Resources */,
				5B33062A1BE0AD5300BAF283 /* tabbar_haveDone_selected@3x.png in Resources */,
				5B33066A1BE0ADA900BAF283 /* state_low@2x.png in Resources */,
				5B33066B1BE0ADA900BAF283 /* state_low@3x.png in Resources */,
				5B3305ED1BE0ACDC00BAF283 /* button_add@3x.png in Resources */,
				5B3306601BE0ADA900BAF283 /* state_emergency.png in Resources */,
				5B3306261BE0AD5300BAF283 /* tabbar_haveDone_nor@2x.png in Resources */,
				5B3306691BE0ADA900BAF283 /* state_low.png in Resources */,
				5B0550091BDE0A9B00AD44EB /* LaunchScreen.storyboard in Resources */,
				5B3306251BE0AD5300BAF283 /* tabbar_haveDone_nor.png in Resources */,
				5B3306221BE0AD5300BAF283 /* tabbar_going_selected.png in Resources */,
				5B3306301BE0AD5300BAF283 /* tabbar_setting_selected@3x.png in Resources */,
				5B3306201BE0AD5300BAF283 /* tabbar_going_nor@2x.png in Resources */,
				DD1ED2FD1BDE8F2E00953760 /* testImage.jpg in Resources */,
				5B3306181BE0AD5300BAF283 /* tabbar_all_nor@3x.png in Resources */,
				5B3306651BE0ADA900BAF283 /* state_haveDone@3x.png in Resources */,
				5B3306671BE0ADA900BAF283 /* state_high@2x.png in Resources */,
				5B33062C1BE0AD5300BAF283 /* tabbar_setting_nor@2x.png in Resources */,
				5B3305F91BE0AD0C00BAF283 /* nav_back@2x.png in Resources */,
				5B33066E1BE0ADA900BAF283 /* state_middle@3x.png in Resources */,
				5B33061A1BE0AD5300BAF283 /* tabbar_all_selected@2x.png in Resources */,
				5B33064B1BE0AD6900BAF283 /* setting_feedback@2x.png in Resources */,
				5B33064E1BE0AD6900BAF283 /* setting_skin@2x.png in Resources */,
				5B33061B1BE0AD5300BAF283 /* tabbar_all_selected@3x.png in Resources */,
				5B33066C1BE0ADA900BAF283 /* state_middle.png in Resources */,
				5B33061F1BE0AD5300BAF283 /* tabbar_going_nor.png in Resources */,
				5B3306461BE0AD6900BAF283 /* setting_clear@3x.png in Resources */,
				5B3306281BE0AD5300BAF283 /* tabbar_haveDone_selected.png in Resources */,
				5B3306611BE0ADA900BAF283 /* state_emergency@2x.png in Resources */,
				5B3305F21BE0ACDC00BAF283 /* button_update@2x.png in Resources */,
				5B3306231BE0AD5300BAF283 /* tabbar_going_selected@2x.png in Resources */,
				5B3306271BE0AD5300BAF283 /* tabbar_haveDone_nor@3x.png in Resources */,
				5B3306641BE0ADA900BAF283 /* state_haveDone@2x.png in Resources */,
				5B33062D1BE0AD5300BAF283 /* tabbar_setting_nor@3x.png in Resources */,
				DD43E0C11BF6F37500B9FC3F /* HJRDetailsTableHeader.xib in Resources */,
				5B3306631BE0ADA900BAF283 /* state_haveDone.png in Resources */,
				5B3305EF1BE0ACDC00BAF283 /* button_save@2x.png in Resources */,
				5B3306471BE0AD6900BAF283 /* setting_clock.png in Resources */,
				DD43E0B21BF6EE7700B9FC3F /* HJRMainPageCell.xib in Resources */,
				5B3306661BE0ADA900BAF283 /* state_high.png in Resources */,
				5B3306211BE0AD5300BAF283 /* tabbar_going_nor@3x.png in Resources */,
				5B33066D1BE0ADA900BAF283 /* state_middle@2x.png in Resources */,
				5B33064A1BE0AD6900BAF283 /* setting_feedback.png in Resources */,
				5B3305EC1BE0ACDC00BAF283 /* button_add@2x.png in Resources */,
				5B3306621BE0ADA900BAF283 /* state_emergency@3x.png in Resources */,
				5B3306441BE0AD6900BAF283 /* setting_clear.png in Resources */,
				DD43E0BA1BF6F02F00B9FC3F /* HJRDetailsController.xib in Resources */,
				5B4A54B41C03E17000F61737 /* UI.jpg in Resources */,
				5B3305EE1BE0ACDC00BAF283 /* button_save.png in Resources */,
				5B3306411BE0AD6900BAF283 /* setting_about.png in Resources */,
				5B33064F1BE0AD6900BAF283 /* setting_skin@3x.png in Resources */,
				5B0550061BDE0A9B00AD44EB /* Assets.xcassets in Resources */,
				5B33062F1BE0AD5300BAF283 /* tabbar_setting_selected@2x.png in Resources */,
				5B33062B1BE0AD5300BAF283 /* tabbar_setting_nor.png in Resources */,
				5B3306171BE0AD5300BAF283 /* tabbar_all_nor@2x.png in Resources */,
				5B3306241BE0AD5300BAF283 /* tabbar_going_selected@3x.png in Resources */,
				5B33064C1BE0AD6900BAF283 /* setting_feedback@3x.png in Resources */,
				5B33062E1BE0AD5300BAF283 /* tabbar_setting_selected.png in Resources */,
				5B3305F81BE0AD0C00BAF283 /* nav_back.png in Resources */,
				5B3306681BE0ADA900BAF283 /* state_high@3x.png in Resources */,
			);
			runOnlyForDeploymentPostprocessing = 0;
		};
		5B05500D1BDE0A9B00AD44EB /* Resources */ = {
			isa = PBXResourcesBuildPhase;
			buildActionMask = 2147483647;
			files = (
			);
			runOnlyForDeploymentPostprocessing = 0;
		};
		5B0550181BDE0A9B00AD44EB /* Resources */ = {
			isa = PBXResourcesBuildPhase;
			buildActionMask = 2147483647;
			files = (
			);
			runOnlyForDeploymentPostprocessing = 0;
		};
/* End PBXResourcesBuildPhase section */

/* Begin PBXShellScriptBuildPhase section */
		25EB94F4DDA6153F187AAFA1 /* Check Pods Manifest.lock */ = {
			isa = PBXShellScriptBuildPhase;
			buildActionMask = 2147483647;
			files = (
			);
			inputPaths = (
			);
			name = "Check Pods Manifest.lock";
			outputPaths = (
			);
			runOnlyForDeploymentPostprocessing = 0;
			shellPath = /bin/sh;
			shellScript = "diff \"${PODS_ROOT}/../Podfile.lock\" \"${PODS_ROOT}/Manifest.lock\" > /dev/null\nif [[ $? != 0 ]] ; then\n    cat << EOM\nerror: The sandbox is not in sync with the Podfile.lock. Run 'pod install' or update your CocoaPods installation.\nEOM\n    exit 1\nfi\n";
			showEnvVarsInLog = 0;
		};
		3DBE1E7A3874AE45F99DAE94 /* Embed Pods Frameworks */ = {
			isa = PBXShellScriptBuildPhase;
			buildActionMask = 2147483647;
			files = (
			);
			inputPaths = (
			);
			name = "Embed Pods Frameworks";
			outputPaths = (
			);
			runOnlyForDeploymentPostprocessing = 0;
			shellPath = /bin/sh;
			shellScript = "\"${SRCROOT}/Pods/Target Support Files/Pods/Pods-frameworks.sh\"\n";
			showEnvVarsInLog = 0;
		};
		616193802D786E83E0FCC01A /* Copy Pods Resources */ = {
			isa = PBXShellScriptBuildPhase;
			buildActionMask = 2147483647;
			files = (
			);
			inputPaths = (
			);
			name = "Copy Pods Resources";
			outputPaths = (
			);
			runOnlyForDeploymentPostprocessing = 0;
			shellPath = /bin/sh;
			shellScript = "\"${SRCROOT}/Pods/Target Support Files/Pods/Pods-resources.sh\"\n";
			showEnvVarsInLog = 0;
		};
/* End PBXShellScriptBuildPhase section */

/* Begin PBXSourcesBuildPhase section */
		5B054FF21BDE0A9B00AD44EB /* Sources */ = {
			isa = PBXSourcesBuildPhase;
			buildActionMask = 2147483647;
			files = (
				5B0550301BDE146900AD44EB /* AppDelegate.m in Sources */,
				DD43E0B11BF6EE7700B9FC3F /* HJRMainPageCell.m in Sources */,
				DD43E0B91BF6F02F00B9FC3F /* HJRDetailsController.m in Sources */,
				DD1ED2CB1BDE7A1400953760 /* HJRBaseController.m in Sources */,
				DD1ED2DC1BDE7B6C00953760 /* HJRGogingController.m in Sources */,
				5B0550361BDE173200AD44EB /* HJRTabBarController.m in Sources */,
				DD43E0B01BF6EE7700B9FC3F /* HJRMainController.m in Sources */,
				DD1ED2DF1BDE7B8100953760 /* HJRHaveDoneController.m in Sources */,
				5B054FFB1BDE0A9B00AD44EB /* main.m in Sources */,
				DD43E0BF1BF6F2F000B9FC3F /* HJRDetailsTableHeader.m in Sources */,
				DD43E0B31BF6EE7700B9FC3F /* HJRMainPageModel.m in Sources */,
				DD1ED2E21BDE7B9000953760 /* HJRSettingController.m in Sources */,
			);
			runOnlyForDeploymentPostprocessing = 0;
		};
		5B05500B1BDE0A9B00AD44EB /* Sources */ = {
			isa = PBXSourcesBuildPhase;
			buildActionMask = 2147483647;
			files = (
				5B0550141BDE0A9B00AD44EB /* ToDoTests.m in Sources */,
			);
			runOnlyForDeploymentPostprocessing = 0;
		};
		5B0550161BDE0A9B00AD44EB /* Sources */ = {
			isa = PBXSourcesBuildPhase;
			buildActionMask = 2147483647;
			files = (
				5B05501F1BDE0A9B00AD44EB /* ToDoUITests.m in Sources */,
			);
			runOnlyForDeploymentPostprocessing = 0;
		};
/* End PBXSourcesBuildPhase section */

/* Begin PBXTargetDependency section */
		5B0550111BDE0A9B00AD44EB /* PBXTargetDependency */ = {
			isa = PBXTargetDependency;
			target = 5B054FF51BDE0A9B00AD44EB /* ToDo */;
			targetProxy = 5B0550101BDE0A9B00AD44EB /* PBXContainerItemProxy */;
		};
		5B05501C1BDE0A9B00AD44EB /* PBXTargetDependency */ = {
			isa = PBXTargetDependency;
			target = 5B054FF51BDE0A9B00AD44EB /* ToDo */;
			targetProxy = 5B05501B1BDE0A9B00AD44EB /* PBXContainerItemProxy */;
		};
/* End PBXTargetDependency section */

/* Begin PBXVariantGroup section */
		5B0550071BDE0A9B00AD44EB /* LaunchScreen.storyboard */ = {
			isa = PBXVariantGroup;
			children = (
				5B0550081BDE0A9B00AD44EB /* Base */,
			);
			name = LaunchScreen.storyboard;
			sourceTree = "<group>";
		};
/* End PBXVariantGroup section */

/* Begin XCBuildConfiguration section */
		5B0550211BDE0A9B00AD44EB /* Debug */ = {
			isa = XCBuildConfiguration;
			buildSettings = {
				ALWAYS_SEARCH_USER_PATHS = NO;
				CLANG_CXX_LANGUAGE_STANDARD = "gnu++0x";
				CLANG_CXX_LIBRARY = "libc++";
				CLANG_ENABLE_MODULES = YES;
				CLANG_ENABLE_OBJC_ARC = YES;
				CLANG_WARN_BOOL_CONVERSION = YES;
				CLANG_WARN_CONSTANT_CONVERSION = YES;
				CLANG_WARN_DIRECT_OBJC_ISA_USAGE = YES_ERROR;
				CLANG_WARN_EMPTY_BODY = YES;
				CLANG_WARN_ENUM_CONVERSION = YES;
				CLANG_WARN_INT_CONVERSION = YES;
				CLANG_WARN_OBJC_ROOT_CLASS = YES_ERROR;
				CLANG_WARN_UNREACHABLE_CODE = YES;
				CLANG_WARN__DUPLICATE_METHOD_MATCH = YES;
				"CODE_SIGN_IDENTITY[sdk=iphoneos*]" = "iPhone Developer";
				COPY_PHASE_STRIP = NO;
				DEBUG_INFORMATION_FORMAT = dwarf;
				ENABLE_STRICT_OBJC_MSGSEND = YES;
				ENABLE_TESTABILITY = YES;
				GCC_C_LANGUAGE_STANDARD = gnu99;
				GCC_DYNAMIC_NO_PIC = NO;
				GCC_NO_COMMON_BLOCKS = YES;
				GCC_OPTIMIZATION_LEVEL = 0;
				GCC_PREPROCESSOR_DEFINITIONS = (
					"DEBUG=1",
					"$(inherited)",
				);
				GCC_WARN_64_TO_32_BIT_CONVERSION = YES;
				GCC_WARN_ABOUT_RETURN_TYPE = YES_ERROR;
				GCC_WARN_UNDECLARED_SELECTOR = YES;
				GCC_WARN_UNINITIALIZED_AUTOS = YES_AGGRESSIVE;
				GCC_WARN_UNUSED_FUNCTION = YES;
				GCC_WARN_UNUSED_VARIABLE = YES;
				IPHONEOS_DEPLOYMENT_TARGET = 9.1;
				MTL_ENABLE_DEBUG_INFO = YES;
				ONLY_ACTIVE_ARCH = YES;
				SDKROOT = iphoneos;
			};
			name = Debug;
		};
		5B0550221BDE0A9B00AD44EB /* Release */ = {
			isa = XCBuildConfiguration;
			buildSettings = {
				ALWAYS_SEARCH_USER_PATHS = NO;
				CLANG_CXX_LANGUAGE_STANDARD = "gnu++0x";
				CLANG_CXX_LIBRARY = "libc++";
				CLANG_ENABLE_MODULES = YES;
				CLANG_ENABLE_OBJC_ARC = YES;
				CLANG_WARN_BOOL_CONVERSION = YES;
				CLANG_WARN_CONSTANT_CONVERSION = YES;
				CLANG_WARN_DIRECT_OBJC_ISA_USAGE = YES_ERROR;
				CLANG_WARN_EMPTY_BODY = YES;
				CLANG_WARN_ENUM_CONVERSION = YES;
				CLANG_WARN_INT_CONVERSION = YES;
				CLANG_WARN_OBJC_ROOT_CLASS = YES_ERROR;
				CLANG_WARN_UNREACHABLE_CODE = YES;
				CLANG_WARN__DUPLICATE_METHOD_MATCH = YES;
				"CODE_SIGN_IDENTITY[sdk=iphoneos*]" = "iPhone Developer";
				COPY_PHASE_STRIP = NO;
				DEBUG_INFORMATION_FORMAT = "dwarf-with-dsym";
				ENABLE_NS_ASSERTIONS = NO;
				ENABLE_STRICT_OBJC_MSGSEND = YES;
				GCC_C_LANGUAGE_STANDARD = gnu99;
				GCC_NO_COMMON_BLOCKS = YES;
				GCC_WARN_64_TO_32_BIT_CONVERSION = YES;
				GCC_WARN_ABOUT_RETURN_TYPE = YES_ERROR;
				GCC_WARN_UNDECLARED_SELECTOR = YES;
				GCC_WARN_UNINITIALIZED_AUTOS = YES_AGGRESSIVE;
				GCC_WARN_UNUSED_FUNCTION = YES;
				GCC_WARN_UNUSED_VARIABLE = YES;
				IPHONEOS_DEPLOYMENT_TARGET = 9.1;
				MTL_ENABLE_DEBUG_INFO = NO;
				SDKROOT = iphoneos;
				VALIDATE_PRODUCT = YES;
			};
			name = Release;
		};
		5B0550241BDE0A9B00AD44EB /* Debug */ = {
			isa = XCBuildConfiguration;
			baseConfigurationReference = F70D8A397534A40AEB1EF7FF /* Pods.debug.xcconfig */;
			buildSettings = {
				ASSETCATALOG_COMPILER_APPICON_NAME = AppIcon;
				INFOPLIST_FILE = ToDo/Info.plist;
				IPHONEOS_DEPLOYMENT_TARGET = 7.0;
				LD_RUNPATH_SEARCH_PATHS = "$(inherited) @executable_path/Frameworks";
				PRODUCT_BUNDLE_IDENTIFIER = io.github.nxone.ToDo;
				PRODUCT_NAME = "$(TARGET_NAME)";
			};
			name = Debug;
		};
		5B0550251BDE0A9B00AD44EB /* Release */ = {
			isa = XCBuildConfiguration;
			baseConfigurationReference = 4DD4BCF5D7EC4214751ACB2A /* Pods.release.xcconfig */;
			buildSettings = {
				ASSETCATALOG_COMPILER_APPICON_NAME = AppIcon;
				INFOPLIST_FILE = ToDo/Info.plist;
				IPHONEOS_DEPLOYMENT_TARGET = 7.0;
				LD_RUNPATH_SEARCH_PATHS = "$(inherited) @executable_path/Frameworks";
				PRODUCT_BUNDLE_IDENTIFIER = io.github.nxone.ToDo;
				PRODUCT_NAME = "$(TARGET_NAME)";
			};
			name = Release;
		};
		5B0550271BDE0A9B00AD44EB /* Debug */ = {
			isa = XCBuildConfiguration;
			buildSettings = {
				BUNDLE_LOADER = "$(TEST_HOST)";
				INFOPLIST_FILE = ToDoTests/Info.plist;
				IPHONEOS_DEPLOYMENT_TARGET = 7.0;
				LD_RUNPATH_SEARCH_PATHS = "$(inherited) @executable_path/Frameworks @loader_path/Frameworks";
				PRODUCT_BUNDLE_IDENTIFIER = io.github.nxone.ToDoTests;
				PRODUCT_NAME = "$(TARGET_NAME)";
				TEST_HOST = "$(BUILT_PRODUCTS_DIR)/ToDo.app/ToDo";
			};
			name = Debug;
		};
		5B0550281BDE0A9B00AD44EB /* Release */ = {
			isa = XCBuildConfiguration;
			buildSettings = {
				BUNDLE_LOADER = "$(TEST_HOST)";
				INFOPLIST_FILE = ToDoTests/Info.plist;
				IPHONEOS_DEPLOYMENT_TARGET = 7.0;
				LD_RUNPATH_SEARCH_PATHS = "$(inherited) @executable_path/Frameworks @loader_path/Frameworks";
				PRODUCT_BUNDLE_IDENTIFIER = io.github.nxone.ToDoTests;
				PRODUCT_NAME = "$(TARGET_NAME)";
				TEST_HOST = "$(BUILT_PRODUCTS_DIR)/ToDo.app/ToDo";
			};
			name = Release;
		};
		5B05502A1BDE0A9B00AD44EB /* Debug */ = {
			isa = XCBuildConfiguration;
			buildSettings = {
				INFOPLIST_FILE = ToDoUITests/Info.plist;
				IPHONEOS_DEPLOYMENT_TARGET = 7.0;
				LD_RUNPATH_SEARCH_PATHS = "$(inherited) @executable_path/Frameworks @loader_path/Frameworks";
				PRODUCT_BUNDLE_IDENTIFIER = io.github.nxone.ToDoUITests;
				PRODUCT_NAME = "$(TARGET_NAME)";
				TEST_TARGET_NAME = ToDo;
				USES_XCTRUNNER = YES;
			};
			name = Debug;
		};
		5B05502B1BDE0A9B00AD44EB /* Release */ = {
			isa = XCBuildConfiguration;
			buildSettings = {
				INFOPLIST_FILE = ToDoUITests/Info.plist;
				IPHONEOS_DEPLOYMENT_TARGET = 7.0;
				LD_RUNPATH_SEARCH_PATHS = "$(inherited) @executable_path/Frameworks @loader_path/Frameworks";
				PRODUCT_BUNDLE_IDENTIFIER = io.github.nxone.ToDoUITests;
				PRODUCT_NAME = "$(TARGET_NAME)";
				TEST_TARGET_NAME = ToDo;
				USES_XCTRUNNER = YES;
			};
			name = Release;
		};
/* End XCBuildConfiguration section */

/* Begin XCConfigurationList section */
		5B054FF11BDE0A9B00AD44EB /* Build configuration list for PBXProject "ToDo" */ = {
			isa = XCConfigurationList;
			buildConfigurations = (
				5B0550211BDE0A9B00AD44EB /* Debug */,
				5B0550221BDE0A9B00AD44EB /* Release */,
			);
			defaultConfigurationIsVisible = 0;
			defaultConfigurationName = Release;
		};
		5B0550231BDE0A9B00AD44EB /* Build configuration list for PBXNativeTarget "ToDo" */ = {
			isa = XCConfigurationList;
			buildConfigurations = (
				5B0550241BDE0A9B00AD44EB /* Debug */,
				5B0550251BDE0A9B00AD44EB /* Release */,
			);
			defaultConfigurationIsVisible = 0;
			defaultConfigurationName = Release;
		};
		5B0550261BDE0A9B00AD44EB /* Build configuration list for PBXNativeTarget "ToDoTests" */ = {
			isa = XCConfigurationList;
			buildConfigurations = (
				5B0550271BDE0A9B00AD44EB /* Debug */,
				5B0550281BDE0A9B00AD44EB /* Release */,
			);
			defaultConfigurationIsVisible = 0;
			defaultConfigurationName = Release;
		};
		5B0550291BDE0A9B00AD44EB /* Build configuration list for PBXNativeTarget "ToDoUITests" */ = {
			isa = XCConfigurationList;
			buildConfigurations = (
				5B05502A1BDE0A9B00AD44EB /* Debug */,
				5B05502B1BDE0A9B00AD44EB /* Release */,
			);
			defaultConfigurationIsVisible = 0;
			defaultConfigurationName = Release;
		};
/* End XCConfigurationList section */
	};
	rootObject = 5B054FEE1BDE0A9B00AD44EB /* Project object */;
}
